
Microsoft Visual Studio Solution File, Format Version 12.00
# Visual Studio Version 16
VisualStudioVersion = 16.0.29326.143
MinimumVisualStudioVersion = 10.0.40219.1
Project("{FAE04EC0-301F-11D3-BF4B-00C04F79EFBC}") = "MSTest.Example", "MSTest.Example\MSTest.Example.csproj", "{0B8E6971-88C2-40A8-ACD1-C2D3FF5E3D98}"
EndProject
Project("{FAE04EC0-301F-11D3-BF4B-00C04F79EFBC}") = "Mock", "Mock\Mock.csproj", "{6E8A41FE-57C0-461A-984A-7F0BD35FA486}"
EndProject
Global
	GlobalSection(SolutionConfigurationPlatforms) = preSolution
		Debug|Any CPU = Debug|Any CPU
		Release|Any CPU = Release|Any CPU
	EndGlobalSection
	GlobalSection(ProjectConfigurationPlatforms) = postSolution
		{0B8E6971-88C2-40A8-ACD1-C2D3FF5E3D98}.Debug|Any CPU.ActiveCfg = Debug|Any CPU
		{0B8E6971-88C2-40A8-ACD1-C2D3FF5E3D98}.Debug|Any CPU.Build.0 = Debug|Any CPU
		{0B8E6971-88C2-40A8-ACD1-C2D3FF5E3D98}.Release|Any CPU.ActiveCfg = Release|Any CPU
		{0B8E6971-88C2-40A8-ACD1-C2D3FF5E3D98}.Release|Any CPU.Build.0 = Release|Any CPU
		{6E8A41FE-57C0-461A-984A-7F0BD35FA486}.Debug|Any CPU.ActiveCfg = Debug|Any CPU
		{6E8A41FE-57C0-461A-984A-7F0BD35FA486}.Debug|Any CPU.Build.0 = Debug|Any CPU
		{6E8A41FE-57C0-461A-984A-7F0BD35FA486}.Release|Any CPU.ActiveCfg = Release|Any CPU
		{6E8A41FE-57C0-461A-984A-7F0BD35FA486}.Release|Any CPU.Build.0 = Release|Any CPU
	EndGlobalSection
	GlobalSection(SolutionProperties) = preSolution
		HideSolutionNode = FALSE
	EndGlobalSection
	GlobalSection(ExtensibilityGlobals) = postSolution
		SolutionGuid = {C891C770-59DA-49E0-B365-34A895EEB0F3}
	EndGlobalSection
EndGlobal
